version: 6
environments:
  default:
    channels:
    - url: https://conda.anaconda.org/conda-forge/
    indexes:
    - https://pypi.org/simple
    packages:
      linux-64:
      - conda: https://conda.anaconda.org/conda-forge/linux-64/_libgcc_mutex-0.1-conda_forge.tar.bz2
      - conda: https://conda.anaconda.org/conda-forge/linux-64/_openmp_mutex-4.5-2_gnu.tar.bz2
      - conda: https://conda.anaconda.org/conda-forge/linux-64/bzip2-1.0.8-h4bc722e_7.conda
      - conda: https://conda.anaconda.org/conda-forge/linux-64/ca-certificates-2025.1.31-hbcca054_0.conda
      - conda: https://conda.anaconda.org/conda-forge/linux-64/freetype-2.12.1-h267a509_2.conda
      - conda: https://conda.anaconda.org/conda-forge/linux-64/lcms2-2.17-h717163a_0.conda
      - conda: https://conda.anaconda.org/conda-forge/linux-64/ld_impl_linux-64-2.43-h712a8e2_4.conda
      - conda: https://conda.anaconda.org/conda-forge/linux-64/lerc-4.0.0-h27087fc_0.tar.bz2
      - conda: https://conda.anaconda.org/conda-forge/linux-64/libabseil-20240722.0-cxx17_hbbce691_4.conda
      - conda: https://conda.anaconda.org/conda-forge/linux-64/libblas-3.9.0-31_h59b9bed_openblas.conda
      - conda: https://conda.anaconda.org/conda-forge/linux-64/libcblas-3.9.0-31_he106b2a_openblas.conda
      - conda: https://conda.anaconda.org/conda-forge/linux-64/libdeflate-1.23-h4ddbbb0_0.conda
      - conda: https://conda.anaconda.org/conda-forge/linux-64/libffi-3.4.6-h2dba641_0.conda
      - conda: https://conda.anaconda.org/conda-forge/linux-64/libgcc-14.2.0-h767d61c_2.conda
      - conda: https://conda.anaconda.org/conda-forge/linux-64/libgcc-ng-14.2.0-h69a702a_2.conda
      - conda: https://conda.anaconda.org/conda-forge/linux-64/libgfortran-14.2.0-h69a702a_2.conda
      - conda: https://conda.anaconda.org/conda-forge/linux-64/libgfortran5-14.2.0-hf1ad2bd_2.conda
      - conda: https://conda.anaconda.org/conda-forge/linux-64/libgomp-14.2.0-h767d61c_2.conda
      - conda: https://conda.anaconda.org/conda-forge/linux-64/libjpeg-turbo-3.0.0-hd590300_1.conda
      - conda: https://conda.anaconda.org/conda-forge/linux-64/liblapack-3.9.0-31_h7ac8fdf_openblas.conda
      - conda: https://conda.anaconda.org/conda-forge/linux-64/liblzma-5.6.4-hb9d3cd8_0.conda
      - conda: https://conda.anaconda.org/conda-forge/linux-64/liblzma-devel-5.6.4-hb9d3cd8_0.conda
      - conda: https://conda.anaconda.org/conda-forge/linux-64/libnsl-2.0.1-hd590300_0.conda
      - conda: https://conda.anaconda.org/conda-forge/linux-64/libopenblas-0.3.29-pthreads_h94d23a6_0.conda
      - conda: https://conda.anaconda.org/conda-forge/linux-64/libpng-1.6.47-h943b412_0.conda
      - conda: https://conda.anaconda.org/conda-forge/linux-64/libsqlite-3.49.1-hee588c1_1.conda
      - conda: https://conda.anaconda.org/conda-forge/linux-64/libstdcxx-14.2.0-h8f9b012_2.conda
      - conda: https://conda.anaconda.org/conda-forge/linux-64/libstdcxx-ng-12.3.0-hc0a3c3a_7.conda
      - conda: https://conda.anaconda.org/conda-forge/linux-64/libtiff-4.7.0-hd9ff511_3.conda
      - conda: https://conda.anaconda.org/conda-forge/linux-64/libuuid-2.38.1-h0b41bf4_0.conda
      - conda: https://conda.anaconda.org/conda-forge/linux-64/libwebp-base-1.5.0-h851e524_0.conda
      - conda: https://conda.anaconda.org/conda-forge/linux-64/libxcb-1.17.0-h8a09558_0.conda
      - conda: https://conda.anaconda.org/conda-forge/linux-64/libzlib-1.3.1-hb9d3cd8_2.conda
      - conda: https://conda.anaconda.org/conda-forge/linux-64/ncurses-6.5-h2d0b736_3.conda
      - conda: https://conda.anaconda.org/conda-forge/linux-64/numpy-2.2.3-py311h5d046bc_0.conda
      - conda: https://conda.anaconda.org/conda-forge/linux-64/openjpeg-2.5.3-h5fbd93e_0.conda
      - conda: https://conda.anaconda.org/conda-forge/linux-64/openssl-3.0.16-h7b32b05_0.conda
      - conda: https://conda.anaconda.org/conda-forge/linux-64/pillow-11.1.0-py311h1322bbf_0.conda
      - conda: https://conda.anaconda.org/conda-forge/linux-64/protobuf-5.29.1-py311hfdbb021_0.conda
      - conda: https://conda.anaconda.org/conda-forge/linux-64/pthread-stubs-0.4-hb9d3cd8_1002.conda
      - conda: https://conda.anaconda.org/conda-forge/linux-64/python-3.11.0-he550d4f_1_cpython.conda
      - conda: https://conda.anaconda.org/conda-forge/linux-64/python_abi-3.11-5_cp311.conda
      - conda: https://conda.anaconda.org/conda-forge/linux-64/readline-8.2-h8c095d6_2.conda
      - conda: https://conda.anaconda.org/conda-forge/linux-64/tk-8.6.13-noxft_h4845f30_101.conda
      - conda: https://conda.anaconda.org/conda-forge/noarch/tzdata-2025a-h78e105d_0.conda
      - conda: https://conda.anaconda.org/conda-forge/linux-64/uv-0.6.4-h0f3a69f_0.conda
      - conda: https://conda.anaconda.org/conda-forge/linux-64/xorg-libxau-1.0.12-hb9d3cd8_0.conda
      - conda: https://conda.anaconda.org/conda-forge/linux-64/xorg-libxdmcp-1.1.5-hb9d3cd8_0.conda
      - conda: https://conda.anaconda.org/conda-forge/linux-64/xz-5.6.4-hbcc6ac9_0.conda
      - conda: https://conda.anaconda.org/conda-forge/linux-64/xz-gpl-tools-5.6.4-hbcc6ac9_0.conda
      - conda: https://conda.anaconda.org/conda-forge/linux-64/xz-tools-5.6.4-hb9d3cd8_0.conda
      - conda: https://conda.anaconda.org/conda-forge/linux-64/zstd-1.5.7-hb8e6e7a_1.conda
      - pypi: https://files.pythonhosted.org/packages/78/b6/6307fbef88d9b5ee7421e68d78a9f162e0da4900bc5f5793f6d3d0e34fb8/annotated_types-0.7.0-py3-none-any.whl
      - pypi: https://files.pythonhosted.org/packages/38/fc/bce832fd4fd99766c04d1ee0eead6b0ec6486fb100ae5e74c1d91292b982/certifi-2025.1.31-py3-none-any.whl
      - pypi: https://files.pythonhosted.org/packages/88/83/489e9504711fa05d8dde1574996408026bdbdbd938f23be67deebb5eca92/charset_normalizer-3.4.1-cp311-cp311-manylinux_2_17_x86_64.manylinux2014_x86_64.whl
      - pypi: https://files.pythonhosted.org/packages/7e/d4/7ebdbd03970677812aac39c869717059dbb71a4cfc033ca6e5221787892c/click-8.1.8-py3-none-any.whl
      - pypi: https://files.pythonhosted.org/packages/f5/e8/f6bd1eee09314e7e6dee49cbe2c5e22314ccdb38db16c9fc72d2fa80d054/docker_pycreds-0.4.0-py2.py3-none-any.whl
      - pypi: https://files.pythonhosted.org/packages/a0/61/5c78b91c3143ed5c14207f463aecfc8f9dbb5092fb2869baf37c273b2705/gitdb-4.0.12-py3-none-any.whl
      - pypi: https://files.pythonhosted.org/packages/1d/9a/4114a9057db2f1462d5c8f8390ab7383925fe1ac012eaa42402ad65c2963/GitPython-3.1.44-py3-none-any.whl
      - pypi: https://files.pythonhosted.org/packages/76/c6/c88e154df9c4e1a2a66ccf0005a88dfb2650c1dffb6f5ce603dfbd452ce3/idna-3.10-py3-none-any.whl
      - pypi: https://files.pythonhosted.org/packages/3c/a6/bc1012356d8ece4d66dd75c4b9fc6c1f6650ddd5991e421177d9f8f671be/platformdirs-4.3.6-py3-none-any.whl
      - pypi: https://files.pythonhosted.org/packages/bf/b9/b0eb3f3cbcb734d930fdf839431606844a825b23eaf9a6ab371edac8162c/psutil-7.0.0-cp36-abi3-manylinux_2_12_x86_64.manylinux2010_x86_64.manylinux_2_17_x86_64.manylinux2014_x86_64.whl
      - pypi: https://files.pythonhosted.org/packages/f4/3c/8cc1cc84deffa6e25d2d0c688ebb80635dfdbf1dbea3e30c541c8cf4d860/pydantic-2.10.6-py3-none-any.whl
      - pypi: https://files.pythonhosted.org/packages/a8/7c/b860618c25678bbd6d1d99dbdfdf0510ccb50790099b963ff78a124b754f/pydantic_core-2.27.2-cp311-cp311-manylinux_2_17_x86_64.manylinux2014_x86_64.whl
      - pypi: https://files.pythonhosted.org/packages/75/e4/2c27590dfc9992f73aabbeb9241ae20220bd9452df27483b6e56d3975cc5/PyYAML-6.0.2-cp311-cp311-manylinux_2_17_x86_64.manylinux2014_x86_64.whl
      - pypi: https://files.pythonhosted.org/packages/f9/9b/335f9764261e915ed497fcdeb11df5dfd6f7bf257d4a6a2a686d80da4d54/requests-2.32.3-py3-none-any.whl
      - pypi: https://files.pythonhosted.org/packages/12/7f/0e4459173e9671ba5f75a48dda2442bcc48a12c79e54e5789381c8c6a9bc/sentry_sdk-2.22.0-py2.py3-none-any.whl
      - pypi: https://files.pythonhosted.org/packages/31/6e/baaf70bd9a881dd8c12cbccdd7ca0ff291024a37044a8245e942e12e7135/setproctitle-1.3.5-cp311-cp311-manylinux_2_5_x86_64.manylinux1_x86_64.manylinux_2_17_x86_64.manylinux2014_x86_64.whl
      - pypi: https://files.pythonhosted.org/packages/a9/38/7d7362e031bd6dc121e5081d8cb6aa6f6fedf2b67bf889962134c6da4705/setuptools-75.8.2-py3-none-any.whl
      - pypi: https://files.pythonhosted.org/packages/b7/ce/149a00dd41f10bc29e5921b496af8b574d8413afcd5e30dfa0ed46c2cc5e/six-1.17.0-py2.py3-none-any.whl
      - pypi: https://files.pythonhosted.org/packages/04/be/d09147ad1ec7934636ad912901c5fd7667e1c858e19d355237db0d0cd5e4/smmap-5.0.2-py3-none-any.whl
      - pypi: https://files.pythonhosted.org/packages/26/9f/ad63fc0248c5379346306f8668cda6e2e2e9c95e01216d2b8ffd9ff037d0/typing_extensions-4.12.2-py3-none-any.whl
      - pypi: https://files.pythonhosted.org/packages/c8/19/4ec628951a74043532ca2cf5d97b7b14863931476d117c471e8e2b1eb39f/urllib3-2.3.0-py3-none-any.whl
      - pypi: https://files.pythonhosted.org/packages/7d/53/361846bf44dcf3bc5a4be0e0cb662b42c7e6996d71c903c936e191657e0d/wandb-0.19.7-py3-none-manylinux_2_17_x86_64.manylinux2014_x86_64.whl
packages:
- conda: https://conda.anaconda.org/conda-forge/linux-64/_libgcc_mutex-0.1-conda_forge.tar.bz2
  sha256: fe51de6107f9edc7aa4f786a70f4a883943bc9d39b3bb7307c04c41410990726
  md5: d7c89558ba9fa0495403155b64376d81
  arch: x86_64
  platform: linux
  license: None
  purls: []
  size: 2562
  timestamp: 1578324546067
- conda: https://conda.anaconda.org/conda-forge/linux-64/_openmp_mutex-4.5-2_gnu.tar.bz2
  build_number: 16
  sha256: fbe2c5e56a653bebb982eda4876a9178aedfc2b545f25d0ce9c4c0b508253d22
  md5: 73aaf86a425cc6e73fcf236a5a46396d
  depends:
  - _libgcc_mutex 0.1 conda_forge
  - libgomp >=7.5.0
  constrains:
  - openmp_impl 9999
  arch: x86_64
  platform: linux
  license: BSD-3-Clause
  license_family: BSD
  purls: []
  size: 23621
  timestamp: 1650670423406
- pypi: https://files.pythonhosted.org/packages/78/b6/6307fbef88d9b5ee7421e68d78a9f162e0da4900bc5f5793f6d3d0e34fb8/annotated_types-0.7.0-py3-none-any.whl
  name: annotated-types
  version: 0.7.0
  sha256: 1f02e8b43a8fbbc3f3e0d4f0f4bfc8131bcb4eebe8849b8e5c773f3a1c582a53
  requires_dist:
  - typing-extensions>=4.0.0 ; python_full_version < '3.9'
  requires_python: '>=3.8'
- conda: https://conda.anaconda.org/conda-forge/linux-64/bzip2-1.0.8-h4bc722e_7.conda
  sha256: 5ced96500d945fb286c9c838e54fa759aa04a7129c59800f0846b4335cee770d
  md5: 62ee74e96c5ebb0af99386de58cf9553
  depends:
  - __glibc >=2.17,<3.0.a0
  - libgcc-ng >=12
  arch: x86_64
  platform: linux
  license: bzip2-1.0.6
  license_family: BSD
  purls: []
  size: 252783
  timestamp: 1720974456583
- conda: https://conda.anaconda.org/conda-forge/linux-64/ca-certificates-2025.1.31-hbcca054_0.conda
  sha256: bf832198976d559ab44d6cdb315642655547e26d826e34da67cbee6624cda189
  md5: 19f3a56f68d2fd06c516076bff482c52
  arch: x86_64
  platform: linux
  license: ISC
  purls: []
  size: 158144
  timestamp: 1738298224464
- pypi: https://files.pythonhosted.org/packages/38/fc/bce832fd4fd99766c04d1ee0eead6b0ec6486fb100ae5e74c1d91292b982/certifi-2025.1.31-py3-none-any.whl
  name: certifi
  version: 2025.1.31
  sha256: ca78db4565a652026a4db2bcdf68f2fb589ea80d0be70e03929ed730746b84fe
  requires_python: '>=3.6'
- pypi: https://files.pythonhosted.org/packages/88/83/489e9504711fa05d8dde1574996408026bdbdbd938f23be67deebb5eca92/charset_normalizer-3.4.1-cp311-cp311-manylinux_2_17_x86_64.manylinux2014_x86_64.whl
  name: charset-normalizer
  version: 3.4.1
  sha256: fd4ec41f914fa74ad1b8304bbc634b3de73d2a0889bd32076342a573e0779e00
  requires_python: '>=3.7'
- pypi: https://files.pythonhosted.org/packages/7e/d4/7ebdbd03970677812aac39c869717059dbb71a4cfc033ca6e5221787892c/click-8.1.8-py3-none-any.whl
  name: click
  version: 8.1.8
  sha256: 63c132bbbed01578a06712a2d1f497bb62d9c1c0d329b7903a866228027263b2
  requires_dist:
  - colorama ; sys_platform == 'win32'
  - importlib-metadata ; python_full_version < '3.8'
  requires_python: '>=3.7'
- pypi: https://files.pythonhosted.org/packages/f5/e8/f6bd1eee09314e7e6dee49cbe2c5e22314ccdb38db16c9fc72d2fa80d054/docker_pycreds-0.4.0-py2.py3-none-any.whl
  name: docker-pycreds
  version: 0.4.0
  sha256: 7266112468627868005106ec19cd0d722702d2b7d5912a28e19b826c3d37af49
  requires_dist:
  - six>=1.4.0
- conda: https://conda.anaconda.org/conda-forge/linux-64/freetype-2.12.1-h267a509_2.conda
  sha256: b2e3c449ec9d907dd4656cb0dc93e140f447175b125a3824b31368b06c666bb6
  md5: 9ae35c3d96db2c94ce0cef86efdfa2cb
  depends:
  - libgcc-ng >=12
  - libpng >=1.6.39,<1.7.0a0
  - libzlib >=1.2.13,<2.0.0a0
  arch: x86_64
  platform: linux
  license: GPL-2.0-only OR FTL
  purls: []
  size: 634972
  timestamp: 1694615932610
- pypi: https://files.pythonhosted.org/packages/a0/61/5c78b91c3143ed5c14207f463aecfc8f9dbb5092fb2869baf37c273b2705/gitdb-4.0.12-py3-none-any.whl
  name: gitdb
  version: 4.0.12
  sha256: 67073e15955400952c6565cc3e707c554a4eea2e428946f7a4c162fab9bd9bcf
  requires_dist:
  - smmap>=3.0.1,<6
  requires_python: '>=3.7'
- pypi: https://files.pythonhosted.org/packages/1d/9a/4114a9057db2f1462d5c8f8390ab7383925fe1ac012eaa42402ad65c2963/GitPython-3.1.44-py3-none-any.whl
  name: gitpython
  version: 3.1.44
  sha256: 9e0e10cda9bed1ee64bc9a6de50e7e38a9c9943241cd7f585f6df3ed28011110
  requires_dist:
  - gitdb>=4.0.1,<5
  - typing-extensions>=3.7.4.3 ; python_full_version < '3.8'
  - coverage[toml] ; extra == 'test'
  - ddt>=1.1.1,!=1.4.3 ; extra == 'test'
  - mock ; python_full_version < '3.8' and extra == 'test'
  - mypy ; extra == 'test'
  - pre-commit ; extra == 'test'
  - pytest>=7.3.1 ; extra == 'test'
  - pytest-cov ; extra == 'test'
  - pytest-instafail ; extra == 'test'
  - pytest-mock ; extra == 'test'
  - pytest-sugar ; extra == 'test'
  - typing-extensions ; python_full_version < '3.11' and extra == 'test'
  - sphinx>=7.1.2,<7.2 ; extra == 'doc'
  - sphinx-rtd-theme ; extra == 'doc'
  - sphinx-autodoc-typehints ; extra == 'doc'
  requires_python: '>=3.7'
- pypi: https://files.pythonhosted.org/packages/76/c6/c88e154df9c4e1a2a66ccf0005a88dfb2650c1dffb6f5ce603dfbd452ce3/idna-3.10-py3-none-any.whl
  name: idna
  version: '3.10'
  sha256: 946d195a0d259cbba61165e88e65941f16e9b36ea6ddb97f00452bae8b1287d3
  requires_dist:
  - ruff>=0.6.2 ; extra == 'all'
  - mypy>=1.11.2 ; extra == 'all'
  - pytest>=8.3.2 ; extra == 'all'
  - flake8>=7.1.1 ; extra == 'all'
  requires_python: '>=3.6'
- conda: https://conda.anaconda.org/conda-forge/linux-64/lcms2-2.17-h717163a_0.conda
  sha256: d6a61830a354da022eae93fa896d0991385a875c6bba53c82263a289deda9db8
  md5: 000e85703f0fd9594c81710dd5066471
  depends:
  - __glibc >=2.17,<3.0.a0
  - libgcc >=13
  - libjpeg-turbo >=3.0.0,<4.0a0
  - libtiff >=4.7.0,<4.8.0a0
  arch: x86_64
  platform: linux
  license: MIT
  license_family: MIT
  purls: []
  size: 248046
  timestamp: 1739160907615
- conda: https://conda.anaconda.org/conda-forge/linux-64/ld_impl_linux-64-2.43-h712a8e2_4.conda
  sha256: db73f38155d901a610b2320525b9dd3b31e4949215c870685fd92ea61b5ce472
  md5: 01f8d123c96816249efd255a31ad7712
  depends:
  - __glibc >=2.17,<3.0.a0
  constrains:
  - binutils_impl_linux-64 2.43
  arch: x86_64
  platform: linux
  license: GPL-3.0-only
  license_family: GPL
  purls: []
  size: 671240
  timestamp: 1740155456116
- conda: https://conda.anaconda.org/conda-forge/linux-64/lerc-4.0.0-h27087fc_0.tar.bz2
  sha256: cb55f36dcd898203927133280ae1dc643368af041a48bcf7c026acb7c47b0c12
  md5: 76bbff344f0134279f225174e9064c8f
  depends:
  - libgcc-ng >=12
  - libstdcxx-ng >=12
  arch: x86_64
  platform: linux
  license: Apache-2.0
  license_family: Apache
  purls: []
  size: 281798
  timestamp: 1657977462600
- conda: https://conda.anaconda.org/conda-forge/linux-64/libabseil-20240722.0-cxx17_hbbce691_4.conda
  sha256: 143a586aa67d50622ef703de57b9d43f44945836d6568e0e7aa174bd8c45e0d4
  md5: 488f260ccda0afaf08acb286db439c2f
  depends:
  - __glibc >=2.17,<3.0.a0
  - libgcc >=13
  - libstdcxx >=13
  constrains:
  - libabseil-static =20240722.0=cxx17*
  - abseil-cpp =20240722.0
  arch: x86_64
  platform: linux
  license: Apache-2.0
  license_family: Apache
  purls: []
  size: 1311599
  timestamp: 1736008414161
- conda: https://conda.anaconda.org/conda-forge/linux-64/libblas-3.9.0-31_h59b9bed_openblas.conda
  build_number: 31
  sha256: 9839fc4ac0cbb0aa3b9eea520adfb57311838959222654804e58f6f2d1771db5
  md5: 728dbebd0f7a20337218beacffd37916
  depends:
  - libopenblas >=0.3.29,<0.3.30.0a0
  - libopenblas >=0.3.29,<1.0a0
  constrains:
  - liblapacke =3.9.0=31*_openblas
  - liblapack =3.9.0=31*_openblas
  - blas =2.131=openblas
  - mkl <2025
  - libcblas =3.9.0=31*_openblas
  arch: x86_64
  platform: linux
  license: BSD-3-Clause
  license_family: BSD
  purls: []
  size: 16859
  timestamp: 1740087969120
- conda: https://conda.anaconda.org/conda-forge/linux-64/libcblas-3.9.0-31_he106b2a_openblas.conda
  build_number: 31
  sha256: ede8545011f5b208b151fe3e883eb4e31d495ab925ab7b9ce394edca846e0c0d
  md5: abb32c727da370c481a1c206f5159ce9
  depends:
  - libblas 3.9.0 31_h59b9bed_openblas
  constrains:
  - liblapacke =3.9.0=31*_openblas
  - liblapack =3.9.0=31*_openblas
  - blas =2.131=openblas
  arch: x86_64
  platform: linux
  license: BSD-3-Clause
  license_family: BSD
  purls: []
  size: 16796
  timestamp: 1740087984429
- conda: https://conda.anaconda.org/conda-forge/linux-64/libdeflate-1.23-h4ddbbb0_0.conda
  sha256: 511d801626d02f4247a04fff957cc6e9ec4cc7e8622bd9acd076bcdc5de5fe66
  md5: 8dfae1d2e74767e9ce36d5fa0d8605db
  depends:
  - __glibc >=2.17,<3.0.a0
  - libgcc >=13
  arch: x86_64
  platform: linux
  license: MIT
  license_family: MIT
  purls: []
  size: 72255
  timestamp: 1734373823254
- conda: https://conda.anaconda.org/conda-forge/linux-64/libffi-3.4.6-h2dba641_0.conda
  sha256: 67a6c95e33ebc763c1adc3455b9a9ecde901850eb2fceb8e646cc05ef3a663da
  md5: e3eb7806380bc8bcecba6d749ad5f026
  depends:
  - __glibc >=2.17,<3.0.a0
  - libgcc >=13
  arch: x86_64
  platform: linux
  license: MIT
  license_family: MIT
  purls: []
  size: 53415
  timestamp: 1739260413716
- conda: https://conda.anaconda.org/conda-forge/linux-64/libgcc-14.2.0-h767d61c_2.conda
  sha256: 3a572d031cb86deb541d15c1875aaa097baefc0c580b54dc61f5edab99215792
  md5: ef504d1acbd74b7cc6849ef8af47dd03
  depends:
  - __glibc >=2.17,<3.0.a0
  - _openmp_mutex >=4.5
  constrains:
  - libgomp 14.2.0 h767d61c_2
  - libgcc-ng ==14.2.0=*_2
  arch: x86_64
  platform: linux
  license: GPL-3.0-only WITH GCC-exception-3.1
  license_family: GPL
  purls: []
  size: 847885
  timestamp: 1740240653082
- conda: https://conda.anaconda.org/conda-forge/linux-64/libgcc-ng-14.2.0-h69a702a_2.conda
  sha256: fb7558c328b38b2f9d2e412c48da7890e7721ba018d733ebdfea57280df01904
  md5: a2222a6ada71fb478682efe483ce0f92
  depends:
  - libgcc 14.2.0 h767d61c_2
  arch: x86_64
  platform: linux
  license: GPL-3.0-only WITH GCC-exception-3.1
  license_family: GPL
  purls: []
  size: 53758
  timestamp: 1740240660904
- conda: https://conda.anaconda.org/conda-forge/linux-64/libgfortran-14.2.0-h69a702a_2.conda
  sha256: e05263e8960da03c341650f2a3ffa4ccae4e111cb198e8933a2908125459e5a6
  md5: fb54c4ea68b460c278d26eea89cfbcc3
  depends:
  - libgfortran5 14.2.0 hf1ad2bd_2
  constrains:
  - libgfortran-ng ==14.2.0=*_2
  arch: x86_64
  platform: linux
  license: GPL-3.0-only WITH GCC-exception-3.1
  license_family: GPL
  purls: []
  size: 53733
  timestamp: 1740240690977
- conda: https://conda.anaconda.org/conda-forge/linux-64/libgfortran5-14.2.0-hf1ad2bd_2.conda
  sha256: c17b7cf3073a1f4e1f34d50872934fa326346e104d3c445abc1e62481ad6085c
  md5: 556a4fdfac7287d349b8f09aba899693
  depends:
  - __glibc >=2.17,<3.0.a0
  - libgcc >=14.2.0
  constrains:
  - libgfortran 14.2.0
  arch: x86_64
  platform: linux
  license: GPL-3.0-only WITH GCC-exception-3.1
  license_family: GPL
  purls: []
  size: 1461978
  timestamp: 1740240671964
- conda: https://conda.anaconda.org/conda-forge/linux-64/libgomp-14.2.0-h767d61c_2.conda
  sha256: 1a3130e0b9267e781b89399580f3163632d59fe5b0142900d63052ab1a53490e
  md5: 06d02030237f4d5b3d9a7e7d348fe3c6
  depends:
  - __glibc >=2.17,<3.0.a0
  arch: x86_64
  platform: linux
  license: GPL-3.0-only WITH GCC-exception-3.1
  license_family: GPL
  purls: []
  size: 459862
  timestamp: 1740240588123
- conda: https://conda.anaconda.org/conda-forge/linux-64/libjpeg-turbo-3.0.0-hd590300_1.conda
  sha256: b954e09b7e49c2f2433d6f3bb73868eda5e378278b0f8c1dd10a7ef090e14f2f
  md5: ea25936bb4080d843790b586850f82b8
  depends:
  - libgcc-ng >=12
  constrains:
  - jpeg <0.0.0a
  arch: x86_64
  platform: linux
  license: IJG AND BSD-3-Clause AND Zlib
  purls: []
  size: 618575
  timestamp: 1694474974816
- conda: https://conda.anaconda.org/conda-forge/linux-64/liblapack-3.9.0-31_h7ac8fdf_openblas.conda
  build_number: 31
  sha256: f583661921456e798aba10972a8abbd9d33571c655c1f66eff450edc9cbefcf3
  md5: 452b98eafe050ecff932f0ec832dd03f
  depends:
  - libblas 3.9.0 31_h59b9bed_openblas
  constrains:
  - libcblas =3.9.0=31*_openblas
  - liblapacke =3.9.0=31*_openblas
  - blas =2.131=openblas
  arch: x86_64
  platform: linux
  license: BSD-3-Clause
  license_family: BSD
  purls: []
  size: 16790
  timestamp: 1740087997375
- conda: https://conda.anaconda.org/conda-forge/linux-64/liblzma-5.6.4-hb9d3cd8_0.conda
  sha256: cad52e10319ca4585bc37f0bc7cce99ec7c15dc9168e42ccb96b741b0a27db3f
  md5: 42d5b6a0f30d3c10cd88cb8584fda1cb
  depends:
  - __glibc >=2.17,<3.0.a0
  - libgcc >=13
  arch: x86_64
  platform: linux
  license: 0BSD
  purls: []
  size: 111357
  timestamp: 1738525339684
- conda: https://conda.anaconda.org/conda-forge/linux-64/liblzma-devel-5.6.4-hb9d3cd8_0.conda
  sha256: 34928b36a3946902196a6786db80c8a4a97f6c9418838d67be90a1388479a682
  md5: 5ab1a0df19c8f3ec00d5e63458e0a420
  depends:
  - __glibc >=2.17,<3.0.a0
  - libgcc >=13
  - liblzma 5.6.4 hb9d3cd8_0
  arch: x86_64
  platform: linux
  license: 0BSD
  purls: []
  size: 378821
  timestamp: 1738525353119
- conda: https://conda.anaconda.org/conda-forge/linux-64/libnsl-2.0.1-hd590300_0.conda
  sha256: 26d77a3bb4dceeedc2a41bd688564fe71bf2d149fdcf117049970bc02ff1add6
  md5: 30fd6e37fe21f86f4bd26d6ee73eeec7
  depends:
  - libgcc-ng >=12
  arch: x86_64
  platform: linux
  license: LGPL-2.1-only
  license_family: GPL
  purls: []
  size: 33408
  timestamp: 1697359010159
- conda: https://conda.anaconda.org/conda-forge/linux-64/libopenblas-0.3.29-pthreads_h94d23a6_0.conda
  sha256: cc5389ea254f111ef17a53df75e8e5209ef2ea6117e3f8aced88b5a8e51f11c4
  md5: 0a4d0252248ef9a0f88f2ba8b8a08e12
  depends:
  - __glibc >=2.17,<3.0.a0
  - libgcc >=14
  - libgfortran
  - libgfortran5 >=14.2.0
  constrains:
  - openblas >=0.3.29,<0.3.30.0a0
  arch: x86_64
  platform: linux
  license: BSD-3-Clause
  license_family: BSD
  purls: []
  size: 5919288
  timestamp: 1739825731827
- conda: https://conda.anaconda.org/conda-forge/linux-64/libpng-1.6.47-h943b412_0.conda
  sha256: 23367d71da58c9a61c8cbd963fcffb92768d4ae5ffbef9a47cdf1f54f98c5c36
  md5: 55199e2ae2c3651f6f9b2a447b47bdc9
  depends:
  - __glibc >=2.17,<3.0.a0
  - libgcc >=13
  - libzlib >=1.3.1,<2.0a0
  arch: x86_64
  platform: linux
  license: zlib-acknowledgement
  purls: []
  size: 288701
  timestamp: 1739952993639
- conda: https://conda.anaconda.org/conda-forge/linux-64/libsqlite-3.49.1-hee588c1_1.conda
  sha256: 7a09eef804ef7cf4d88215c2297eabb72af8ad0bd5b012060111c289f14bbe7d
  md5: 73cea06049cc4174578b432320a003b8
  depends:
  - __glibc >=2.17,<3.0.a0
  - libgcc >=13
  - libzlib >=1.3.1,<2.0a0
  arch: x86_64
  platform: linux
  license: Unlicense
  purls: []
  size: 915956
  timestamp: 1739953155793
- conda: https://conda.anaconda.org/conda-forge/linux-64/libstdcxx-14.2.0-h8f9b012_2.conda
  sha256: 8f5bd92e4a24e1d35ba015c5252e8f818898478cb3bc50bd8b12ab54707dc4da
  md5: a78c856b6dc6bf4ea8daeb9beaaa3fb0
  depends:
  - __glibc >=2.17,<3.0.a0
  - libgcc 14.2.0 h767d61c_2
  arch: x86_64
  platform: linux
  license: GPL-3.0-only WITH GCC-exception-3.1
  license_family: GPL
  purls: []
  size: 3884556
  timestamp: 1740240685253
- conda: https://conda.anaconda.org/conda-forge/linux-64/libstdcxx-ng-12.3.0-hc0a3c3a_7.conda
  sha256: 506b6cc8de87d1ace9ad242bf6562c7c12c455f0348ab800148f170ab3c2cbc0
  md5: eb9a7400a7e32886680d92588399f581
  arch: x86_64
  platform: linux
  license: GPL-3.0-only WITH GCC-exception-3.1
  license_family: GPL
  purls: []
  size: 3474833
  timestamp: 1715016637308
- conda: https://conda.anaconda.org/conda-forge/linux-64/libtiff-4.7.0-hd9ff511_3.conda
  sha256: b224e16b88d76ea95e4af56e2bc638c603bd26a770b98d117d04541d3aafa002
  md5: 0ea6510969e1296cc19966fad481f6de
  depends:
  - __glibc >=2.17,<3.0.a0
  - lerc >=4.0.0,<5.0a0
  - libdeflate >=1.23,<1.24.0a0
  - libgcc >=13
  - libjpeg-turbo >=3.0.0,<4.0a0
  - liblzma >=5.6.3,<6.0a0
  - libstdcxx >=13
  - libwebp-base >=1.4.0,<2.0a0
  - libzlib >=1.3.1,<2.0a0
  - zstd >=1.5.6,<1.6.0a0
  arch: x86_64
  platform: linux
  license: HPND
  purls: []
  size: 428173
  timestamp: 1734398813264
- conda: https://conda.anaconda.org/conda-forge/linux-64/libuuid-2.38.1-h0b41bf4_0.conda
  sha256: 787eb542f055a2b3de553614b25f09eefb0a0931b0c87dbcce6efdfd92f04f18
  md5: 40b61aab5c7ba9ff276c41cfffe6b80b
  depends:
  - libgcc-ng >=12
  arch: x86_64
  platform: linux
  license: BSD-3-Clause
  license_family: BSD
  purls: []
  size: 33601
  timestamp: 1680112270483
- conda: https://conda.anaconda.org/conda-forge/linux-64/libwebp-base-1.5.0-h851e524_0.conda
  sha256: c45283fd3e90df5f0bd3dbcd31f59cdd2b001d424cf30a07223655413b158eaf
  md5: 63f790534398730f59e1b899c3644d4a
  depends:
  - __glibc >=2.17,<3.0.a0
  - libgcc >=13
  constrains:
  - libwebp 1.5.0
  arch: x86_64
  platform: linux
  license: BSD-3-Clause
  license_family: BSD
  purls: []
  size: 429973
  timestamp: 1734777489810
- conda: https://conda.anaconda.org/conda-forge/linux-64/libxcb-1.17.0-h8a09558_0.conda
  sha256: 666c0c431b23c6cec6e492840b176dde533d48b7e6fb8883f5071223433776aa
  md5: 92ed62436b625154323d40d5f2f11dd7
  depends:
  - __glibc >=2.17,<3.0.a0
  - libgcc >=13
  - pthread-stubs
  - xorg-libxau >=1.0.11,<2.0a0
  - xorg-libxdmcp
  arch: x86_64
  platform: linux
  license: MIT
  license_family: MIT
  purls: []
  size: 395888
  timestamp: 1727278577118
- conda: https://conda.anaconda.org/conda-forge/linux-64/libzlib-1.3.1-hb9d3cd8_2.conda
  sha256: d4bfe88d7cb447768e31650f06257995601f89076080e76df55e3112d4e47dc4
  md5: edb0dca6bc32e4f4789199455a1dbeb8
  depends:
  - __glibc >=2.17,<3.0.a0
  - libgcc >=13
  constrains:
  - zlib 1.3.1 *_2
  arch: x86_64
  platform: linux
  license: Zlib
  license_family: Other
  purls: []
  size: 60963
  timestamp: 1727963148474
- conda: https://conda.anaconda.org/conda-forge/linux-64/ncurses-6.5-h2d0b736_3.conda
  sha256: 3fde293232fa3fca98635e1167de6b7c7fda83caf24b9d6c91ec9eefb4f4d586
  md5: 47e340acb35de30501a76c7c799c41d7
  depends:
  - __glibc >=2.17,<3.0.a0
  - libgcc >=13
  arch: x86_64
  platform: linux
  license: X11 AND BSD-3-Clause
  purls: []
  size: 891641
  timestamp: 1738195959188
- conda: https://conda.anaconda.org/conda-forge/linux-64/numpy-2.2.3-py311h5d046bc_0.conda
  sha256: 9ff5ab34612b78ffcad42f33ef821594584eec30f8f24df600b5581831975378
  md5: 6de29798b2e278c56f1e87b7d6e693bb
  depends:
  - __glibc >=2.17,<3.0.a0
  - libblas >=3.9.0,<4.0a0
  - libcblas >=3.9.0,<4.0a0
  - libgcc >=13
  - liblapack >=3.9.0,<4.0a0
  - libstdcxx >=13
  - python >=3.11,<3.12.0a0
  - python_abi 3.11.* *_cp311
  constrains:
  - numpy-base <0a0
  arch: x86_64
  platform: linux
  license: BSD-3-Clause
  license_family: BSD
  purls:
  - pkg:pypi/numpy?source=hash-mapping
  size: 9065890
  timestamp: 1739425997956
- conda: https://conda.anaconda.org/conda-forge/linux-64/openjpeg-2.5.3-h5fbd93e_0.conda
  sha256: 5bee706ea5ba453ed7fd9da7da8380dd88b865c8d30b5aaec14d2b6dd32dbc39
  md5: 9e5816bc95d285c115a3ebc2f8563564
  depends:
  - __glibc >=2.17,<3.0.a0
  - libgcc >=13
  - libpng >=1.6.44,<1.7.0a0
  - libstdcxx >=13
  - libtiff >=4.7.0,<4.8.0a0
  - libzlib >=1.3.1,<2.0a0
  arch: x86_64
  platform: linux
  license: BSD-2-Clause
  license_family: BSD
  purls: []
  size: 342988
  timestamp: 1733816638720
- conda: https://conda.anaconda.org/conda-forge/linux-64/openssl-3.0.16-h7b32b05_0.conda
  sha256: ea64e3624ac5f66259c1812e7a15a36caf2d080d28b34a787afcad2822c437cd
  md5: 6431776a408043781b4595e4e2acc10e
  depends:
  - __glibc >=2.17,<3.0.a0
  - ca-certificates
  - libgcc >=13
  constrains:
  - pyopenssl >=22.1
  arch: x86_64
  platform: linux
  license: Apache-2.0
  license_family: Apache
  purls: []
  size: 2601574
  timestamp: 1739319796118
- conda: https://conda.anaconda.org/conda-forge/linux-64/pillow-11.1.0-py311h1322bbf_0.conda
  sha256: 71e0ce18201695adec3bbbfbab74e82b0ab05fe8929ad046d2c507a71c8a3c63
  md5: 9f4f5593335f76c1dbf7381c11fe7155
  depends:
  - __glibc >=2.17,<3.0.a0
  - freetype >=2.12.1,<3.0a0
  - lcms2 >=2.16,<3.0a0
  - libgcc >=13
  - libjpeg-turbo >=3.0.0,<4.0a0
  - libtiff >=4.7.0,<4.8.0a0
  - libwebp-base >=1.5.0,<2.0a0
  - libxcb >=1.17.0,<2.0a0
  - libzlib >=1.3.1,<2.0a0
  - openjpeg >=2.5.3,<3.0a0
  - python >=3.11,<3.12.0a0
  - python_abi 3.11.* *_cp311
  - tk >=8.6.13,<8.7.0a0
  arch: x86_64
  platform: linux
  license: HPND
  purls:
  - pkg:pypi/pillow?source=hash-mapping
  size: 42021920
  timestamp: 1735929841160
- pypi: https://files.pythonhosted.org/packages/3c/a6/bc1012356d8ece4d66dd75c4b9fc6c1f6650ddd5991e421177d9f8f671be/platformdirs-4.3.6-py3-none-any.whl
  name: platformdirs
  version: 4.3.6
  sha256: 73e575e1408ab8103900836b97580d5307456908a03e92031bab39e4554cc3fb
  requires_dist:
  - furo>=2024.8.6 ; extra == 'docs'
  - proselint>=0.14 ; extra == 'docs'
  - sphinx-autodoc-typehints>=2.4 ; extra == 'docs'
  - sphinx>=8.0.2 ; extra == 'docs'
  - appdirs==1.4.4 ; extra == 'test'
  - covdefaults>=2.3 ; extra == 'test'
  - pytest-cov>=5 ; extra == 'test'
  - pytest-mock>=3.14 ; extra == 'test'
  - pytest>=8.3.2 ; extra == 'test'
  - mypy>=1.11.2 ; extra == 'type'
  requires_python: '>=3.8'
- conda: https://conda.anaconda.org/conda-forge/linux-64/protobuf-5.29.1-py311hfdbb021_0.conda
  sha256: abe0060a5442aaacfd0166d0c9980d04250f881c4cb9eb2492b1c1a9b87fe393
  md5: 5fcd28a5e49311b59fd2c35a110d9aeb
  depends:
  - __glibc >=2.17,<3.0.a0
  - libabseil * cxx17*
  - libabseil >=20240722.0,<20240723.0a0
  - libgcc >=13
  - libstdcxx >=13
  - libzlib >=1.3.1,<2.0a0
  - python >=3.11,<3.12.0a0
  - python_abi 3.11.* *_cp311
  constrains:
  - libprotobuf 5.29.1
  arch: x86_64
  platform: linux
  license: BSD-3-Clause
  license_family: BSD
  purls:
  - pkg:pypi/protobuf?source=hash-mapping
  size: 485658
  timestamp: 1741086379679
- pypi: https://files.pythonhosted.org/packages/bf/b9/b0eb3f3cbcb734d930fdf839431606844a825b23eaf9a6ab371edac8162c/psutil-7.0.0-cp36-abi3-manylinux_2_12_x86_64.manylinux2010_x86_64.manylinux_2_17_x86_64.manylinux2014_x86_64.whl
  name: psutil
  version: 7.0.0
  sha256: 4b1388a4f6875d7e2aff5c4ca1cc16c545ed41dd8bb596cefea80111db353a34
  requires_dist:
  - pytest ; extra == 'dev'
  - pytest-xdist ; extra == 'dev'
  - setuptools ; extra == 'dev'
  - abi3audit ; extra == 'dev'
  - black==24.10.0 ; extra == 'dev'
  - check-manifest ; extra == 'dev'
  - coverage ; extra == 'dev'
  - packaging ; extra == 'dev'
  - pylint ; extra == 'dev'
  - pyperf ; extra == 'dev'
  - pypinfo ; extra == 'dev'
  - pytest-cov ; extra == 'dev'
  - requests ; extra == 'dev'
  - rstcheck ; extra == 'dev'
  - ruff ; extra == 'dev'
  - sphinx ; extra == 'dev'
  - sphinx-rtd-theme ; extra == 'dev'
  - toml-sort ; extra == 'dev'
  - twine ; extra == 'dev'
  - virtualenv ; extra == 'dev'
  - vulture ; extra == 'dev'
  - wheel ; extra == 'dev'
  - pytest ; extra == 'test'
  - pytest-xdist ; extra == 'test'
  - setuptools ; extra == 'test'
  requires_python: '>=3.6'
- conda: https://conda.anaconda.org/conda-forge/linux-64/pthread-stubs-0.4-hb9d3cd8_1002.conda
  sha256: 9c88f8c64590e9567c6c80823f0328e58d3b1efb0e1c539c0315ceca764e0973
  md5: b3c17d95b5a10c6e64a21fa17573e70e
  depends:
  - __glibc >=2.17,<3.0.a0
  - libgcc >=13
  arch: x86_64
  platform: linux
  license: MIT
  license_family: MIT
  purls: []
  size: 8252
  timestamp: 1726802366959
- pypi: https://files.pythonhosted.org/packages/f4/3c/8cc1cc84deffa6e25d2d0c688ebb80635dfdbf1dbea3e30c541c8cf4d860/pydantic-2.10.6-py3-none-any.whl
  name: pydantic
  version: 2.10.6
  sha256: 427d664bf0b8a2b34ff5dd0f5a18df00591adcee7198fbd71981054cef37b584
  requires_dist:
  - annotated-types>=0.6.0
  - pydantic-core==2.27.2
  - typing-extensions>=4.12.2
  - email-validator>=2.0.0 ; extra == 'email'
  - tzdata ; python_full_version >= '3.9' and sys_platform == 'win32' and extra == 'timezone'
  requires_python: '>=3.8'
- pypi: https://files.pythonhosted.org/packages/a8/7c/b860618c25678bbd6d1d99dbdfdf0510ccb50790099b963ff78a124b754f/pydantic_core-2.27.2-cp311-cp311-manylinux_2_17_x86_64.manylinux2014_x86_64.whl
  name: pydantic-core
  version: 2.27.2
  sha256: 1c1fd185014191700554795c99b347d64f2bb637966c4cfc16998a0ca700d048
  requires_dist:
  - typing-extensions>=4.6.0,!=4.7.0
  requires_python: '>=3.8'
- conda: https://conda.anaconda.org/conda-forge/linux-64/python-3.11.0-he550d4f_1_cpython.conda
  build_number: 1
  sha256: 464f998e406b645ba34771bb53a0a7c2734e855ee78dd021aa4dedfdb65659b7
  md5: 8d14fc2aa12db370a443753c8230be1e
  depends:
  - bzip2 >=1.0.8,<2.0a0
  - ld_impl_linux-64 >=2.36.1
  - libffi >=3.4,<4.0a0
  - libgcc-ng >=12
  - libnsl >=2.0.0,<2.1.0a0
  - libsqlite >=3.40.0,<4.0a0
  - libuuid >=2.32.1,<3.0a0
  - libzlib >=1.2.13,<2.0.0a0
  - ncurses >=6.3,<7.0a0
  - openssl >=3.0.7,<4.0a0
  - readline >=8.1.2,<9.0a0
  - tk >=8.6.12,<8.7.0a0
  - tzdata
  - xz >=5.2.6,<6.0a0
  constrains:
  - python_abi 3.11.* *_cp311
  arch: x86_64
  platform: linux
  license: Python-2.0
  purls: []
  size: 31476523
  timestamp: 1673700777998
- conda: https://conda.anaconda.org/conda-forge/linux-64/python_abi-3.11-5_cp311.conda
  build_number: 5
  sha256: 2660b8059b3ee854bc5d3c6b1fce946e5bd2fe8fbca7827de2c5885ead6209de
  md5: 139a8d40c8a2f430df31048949e450de
  constrains:
  - python 3.11.* *_cpython
  arch: x86_64
  platform: linux
  license: BSD-3-Clause
  license_family: BSD
  purls: []
  size: 6211
  timestamp: 1723823324668
- pypi: https://files.pythonhosted.org/packages/75/e4/2c27590dfc9992f73aabbeb9241ae20220bd9452df27483b6e56d3975cc5/PyYAML-6.0.2-cp311-cp311-manylinux_2_17_x86_64.manylinux2014_x86_64.whl
  name: pyyaml
  version: 6.0.2
  sha256: 3ad2a3decf9aaba3d29c8f537ac4b243e36bef957511b4766cb0057d32b0be85
  requires_python: '>=3.8'
- conda: https://conda.anaconda.org/conda-forge/linux-64/readline-8.2-h8c095d6_2.conda
  sha256: 2d6d0c026902561ed77cd646b5021aef2d4db22e57a5b0178dfc669231e06d2c
  md5: 283b96675859b20a825f8fa30f311446
  depends:
  - libgcc >=13
  - ncurses >=6.5,<7.0a0
  arch: x86_64
  platform: linux
  license: GPL-3.0-only
  license_family: GPL
  purls: []
  size: 282480
  timestamp: 1740379431762
- pypi: https://files.pythonhosted.org/packages/f9/9b/335f9764261e915ed497fcdeb11df5dfd6f7bf257d4a6a2a686d80da4d54/requests-2.32.3-py3-none-any.whl
  name: requests
  version: 2.32.3
  sha256: 70761cfe03c773ceb22aa2f671b4757976145175cdfca038c02654d061d6dcc6
  requires_dist:
  - charset-normalizer>=2,<4
  - idna>=2.5,<4
  - urllib3>=1.21.1,<3
  - certifi>=2017.4.17
  - pysocks>=1.5.6,!=1.5.7 ; extra == 'socks'
  - chardet>=3.0.2,<6 ; extra == 'use-chardet-on-py3'
  requires_python: '>=3.8'
- pypi: https://files.pythonhosted.org/packages/12/7f/0e4459173e9671ba5f75a48dda2442bcc48a12c79e54e5789381c8c6a9bc/sentry_sdk-2.22.0-py2.py3-none-any.whl
  name: sentry-sdk
  version: 2.22.0
  sha256: 3d791d631a6c97aad4da7074081a57073126c69487560c6f8bffcf586461de66
  requires_dist:
  - urllib3>=1.26.11
  - certifi
  - aiohttp>=3.5 ; extra == 'aiohttp'
  - anthropic>=0.16 ; extra == 'anthropic'
  - arq>=0.23 ; extra == 'arq'
  - asyncpg>=0.23 ; extra == 'asyncpg'
  - apache-beam>=2.12 ; extra == 'beam'
  - bottle>=0.12.13 ; extra == 'bottle'
  - celery>=3 ; extra == 'celery'
  - celery-redbeat>=2 ; extra == 'celery-redbeat'
  - chalice>=1.16.0 ; extra == 'chalice'
  - clickhouse-driver>=0.2.0 ; extra == 'clickhouse-driver'
  - django>=1.8 ; extra == 'django'
  - falcon>=1.4 ; extra == 'falcon'
  - fastapi>=0.79.0 ; extra == 'fastapi'
  - flask>=0.11 ; extra == 'flask'
  - blinker>=1.1 ; extra == 'flask'
  - markupsafe ; extra == 'flask'
  - grpcio>=1.21.1 ; extra == 'grpcio'
  - protobuf>=3.8.0 ; extra == 'grpcio'
  - httpcore[http2]==1.* ; extra == 'http2'
  - httpx>=0.16.0 ; extra == 'httpx'
  - huey>=2 ; extra == 'huey'
  - huggingface-hub>=0.22 ; extra == 'huggingface-hub'
  - langchain>=0.0.210 ; extra == 'langchain'
  - launchdarkly-server-sdk>=9.8.0 ; extra == 'launchdarkly'
  - litestar>=2.0.0 ; extra == 'litestar'
  - loguru>=0.5 ; extra == 'loguru'
  - openai>=1.0.0 ; extra == 'openai'
  - tiktoken>=0.3.0 ; extra == 'openai'
  - openfeature-sdk>=0.7.1 ; extra == 'openfeature'
  - opentelemetry-distro>=0.35b0 ; extra == 'opentelemetry'
  - opentelemetry-distro ; extra == 'opentelemetry-experimental'
  - pure-eval ; extra == 'pure-eval'
  - executing ; extra == 'pure-eval'
  - asttokens ; extra == 'pure-eval'
  - pymongo>=3.1 ; extra == 'pymongo'
  - pyspark>=2.4.4 ; extra == 'pyspark'
  - quart>=0.16.1 ; extra == 'quart'
  - blinker>=1.1 ; extra == 'quart'
  - rq>=0.6 ; extra == 'rq'
  - sanic>=0.8 ; extra == 'sanic'
  - sqlalchemy>=1.2 ; extra == 'sqlalchemy'
  - starlette>=0.19.1 ; extra == 'starlette'
  - starlite>=1.48 ; extra == 'starlite'
  - statsig>=0.55.3 ; extra == 'statsig'
  - tornado>=6 ; extra == 'tornado'
  - unleashclient>=6.0.1 ; extra == 'unleash'
  requires_python: '>=3.6'
- pypi: https://files.pythonhosted.org/packages/31/6e/baaf70bd9a881dd8c12cbccdd7ca0ff291024a37044a8245e942e12e7135/setproctitle-1.3.5-cp311-cp311-manylinux_2_5_x86_64.manylinux1_x86_64.manylinux_2_17_x86_64.manylinux2014_x86_64.whl
  name: setproctitle
  version: 1.3.5
  sha256: d2c371550a2288901a0dcd84192691ebd3197a43c95f3e0b396ed6d1cedf5c6c
  requires_dist:
  - pytest ; extra == 'test'
  requires_python: '>=3.8'
- pypi: https://files.pythonhosted.org/packages/a9/38/7d7362e031bd6dc121e5081d8cb6aa6f6fedf2b67bf889962134c6da4705/setuptools-75.8.2-py3-none-any.whl
  name: setuptools
  version: 75.8.2
  sha256: 558e47c15f1811c1fa7adbd0096669bf76c1d3f433f58324df69f3f5ecac4e8f
  requires_dist:
  - pytest>=6,!=8.1.* ; extra == 'test'
  - virtualenv>=13.0.0 ; extra == 'test'
  - wheel>=0.44.0 ; extra == 'test'
  - pip>=19.1 ; extra == 'test'
  - packaging>=24.2 ; extra == 'test'
  - jaraco-envs>=2.2 ; extra == 'test'
  - pytest-xdist>=3 ; extra == 'test'
  - jaraco-path>=3.7.2 ; extra == 'test'
  - build[virtualenv]>=1.0.3 ; extra == 'test'
  - filelock>=3.4.0 ; extra == 'test'
  - ini2toml[lite]>=0.14 ; extra == 'test'
  - tomli-w>=1.0.0 ; extra == 'test'
  - pytest-timeout ; extra == 'test'
  - pytest-perf ; sys_platform != 'cygwin' and extra == 'test'
  - jaraco-develop>=7.21 ; python_full_version >= '3.9' and sys_platform != 'cygwin' and extra == 'test'
  - pytest-home>=0.5 ; extra == 'test'
  - pytest-subprocess ; extra == 'test'
  - pyproject-hooks!=1.1 ; extra == 'test'
  - jaraco-test>=5.5 ; extra == 'test'
  - sphinx>=3.5 ; extra == 'doc'
  - jaraco-packaging>=9.3 ; extra == 'doc'
  - rst-linker>=1.9 ; extra == 'doc'
  - furo ; extra == 'doc'
  - sphinx-lint ; extra == 'doc'
  - jaraco-tidelift>=1.4 ; extra == 'doc'
  - pygments-github-lexers==0.0.5 ; extra == 'doc'
  - sphinx-favicon ; extra == 'doc'
  - sphinx-inline-tabs ; extra == 'doc'
  - sphinx-reredirects ; extra == 'doc'
  - sphinxcontrib-towncrier ; extra == 'doc'
  - sphinx-notfound-page>=1,<2 ; extra == 'doc'
  - pyproject-hooks!=1.1 ; extra == 'doc'
  - towncrier<24.7 ; extra == 'doc'
  - packaging>=24.2 ; extra == 'core'
  - more-itertools>=8.8 ; extra == 'core'
  - jaraco-text>=3.7 ; extra == 'core'
  - importlib-metadata>=6 ; python_full_version < '3.10' and extra == 'core'
  - tomli>=2.0.1 ; python_full_version < '3.11' and extra == 'core'
  - wheel>=0.43.0 ; extra == 'core'
  - platformdirs>=4.2.2 ; extra == 'core'
  - jaraco-collections ; extra == 'core'
  - jaraco-functools>=4 ; extra == 'core'
  - packaging ; extra == 'core'
  - more-itertools ; extra == 'core'
  - pytest-checkdocs>=2.4 ; extra == 'check'
  - pytest-ruff>=0.2.1 ; sys_platform != 'cygwin' and extra == 'check'
  - ruff>=0.8.0 ; sys_platform != 'cygwin' and extra == 'check'
  - pytest-cov ; extra == 'cover'
  - pytest-enabler>=2.2 ; extra == 'enabler'
  - pytest-mypy ; extra == 'type'
  - mypy==1.14.* ; extra == 'type'
  - importlib-metadata>=7.0.2 ; python_full_version < '3.10' and extra == 'type'
  - jaraco-develop>=7.21 ; sys_platform != 'cygwin' and extra == 'type'
  requires_python: '>=3.9'
- pypi: https://files.pythonhosted.org/packages/b7/ce/149a00dd41f10bc29e5921b496af8b574d8413afcd5e30dfa0ed46c2cc5e/six-1.17.0-py2.py3-none-any.whl
  name: six
  version: 1.17.0
  sha256: 4721f391ed90541fddacab5acf947aa0d3dc7d27b2e1e8eda2be8970586c3274
  requires_python: '>=2.7,!=3.0.*,!=3.1.*,!=3.2.*'
- pypi: https://files.pythonhosted.org/packages/04/be/d09147ad1ec7934636ad912901c5fd7667e1c858e19d355237db0d0cd5e4/smmap-5.0.2-py3-none-any.whl
  name: smmap
  version: 5.0.2
  sha256: b30115f0def7d7531d22a0fb6502488d879e75b260a9db4d0819cfb25403af5e
  requires_python: '>=3.7'
- conda: https://conda.anaconda.org/conda-forge/linux-64/tk-8.6.13-noxft_h4845f30_101.conda
  sha256: e0569c9caa68bf476bead1bed3d79650bb080b532c64a4af7d8ca286c08dea4e
  md5: d453b98d9c83e71da0741bb0ff4d76bc
  depends:
  - libgcc-ng >=12
  - libzlib >=1.2.13,<2.0.0a0
  arch: x86_64
  platform: linux
  license: TCL
  license_family: BSD
  purls: []
  size: 3318875
  timestamp: 1699202167581
- pypi: https://files.pythonhosted.org/packages/26/9f/ad63fc0248c5379346306f8668cda6e2e2e9c95e01216d2b8ffd9ff037d0/typing_extensions-4.12.2-py3-none-any.whl
  name: typing-extensions
  version: 4.12.2
  sha256: 04e5ca0351e0f3f85c6853954072df659d0d13fac324d0072316b67d7794700d
  requires_python: '>=3.8'
- conda: https://conda.anaconda.org/conda-forge/noarch/tzdata-2025a-h78e105d_0.conda
  sha256: c4b1ae8a2931fe9b274c44af29c5475a85b37693999f8c792dad0f8c6734b1de
  md5: dbcace4706afdfb7eb891f7b37d07c04
  license: LicenseRef-Public-Domain
  purls: []
  size: 122921
  timestamp: 1737119101255
- pypi: https://files.pythonhosted.org/packages/c8/19/4ec628951a74043532ca2cf5d97b7b14863931476d117c471e8e2b1eb39f/urllib3-2.3.0-py3-none-any.whl
  name: urllib3
  version: 2.3.0
  sha256: 1cee9ad369867bfdbbb48b7dd50374c0967a0bb7710050facf0dd6911440e3df
  requires_dist:
  - brotli>=1.0.9 ; platform_python_implementation == 'CPython' and extra == 'brotli'
  - brotlicffi>=0.8.0 ; platform_python_implementation != 'CPython' and extra == 'brotli'
  - h2>=4,<5 ; extra == 'h2'
  - pysocks>=1.5.6,!=1.5.7,<2.0 ; extra == 'socks'
  - zstandard>=0.18.0 ; extra == 'zstd'
  requires_python: '>=3.9'
- conda: https://conda.anaconda.org/conda-forge/linux-64/uv-0.6.4-h0f3a69f_0.conda
  sha256: d48e3e2fcf9887a9581b76df95c9a73077c7902d65fd3ece14f525c644c46f52
  md5: 6f704a47871b103696ba4ac1e16245eb
  depends:
  - __glibc >=2.17,<3.0.a0
  - libgcc >=13
  - libstdcxx >=13
  constrains:
  - __glibc >=2.17
  arch: x86_64
  platform: linux
  license: Apache-2.0 OR MIT
  purls: []
  size: 11451436
  timestamp: 1741067148078
- pypi: https://files.pythonhosted.org/packages/7d/53/361846bf44dcf3bc5a4be0e0cb662b42c7e6996d71c903c936e191657e0d/wandb-0.19.7-py3-none-manylinux_2_17_x86_64.manylinux2014_x86_64.whl
  name: wandb
  version: 0.19.7
  sha256: 0f7d71e2110c435b7f6ace6ce0e1164d2a5be9e1b8a4bcd7b90dbc42b55de7e9
  requires_dist:
  - click>=7.1,!=8.0.0
  - docker-pycreds>=0.4.0
  - eval-type-backport ; python_full_version < '3.10'
  - gitpython>=1.0.0,!=3.1.29
  - platformdirs
  - protobuf>=3.12.0,!=4.21.0,!=5.28.0,<6 ; python_full_version < '3.9' and sys_platform == 'linux'
  - protobuf>=3.15.0,!=4.21.0,!=5.28.0,<6 ; python_full_version == '3.9.*' and sys_platform == 'linux'
  - protobuf>=3.19.0,!=4.21.0,!=5.28.0,<6 ; python_full_version >= '3.10' and sys_platform == 'linux'
  - protobuf>=3.19.0,!=4.21.0,!=5.28.0,<6 ; sys_platform != 'linux'
  - psutil>=5.0.0
  - pydantic>=2.6,<3
  - pyyaml
  - requests>=2.0.0,<3
  - sentry-sdk>=2.0.0
  - setproctitle
  - setuptools
  - typing-extensions>=4.4,<5 ; python_full_version < '3.12'
  - boto3 ; extra == 'aws'
  - botocore>=1.5.76 ; extra == 'aws'
  - azure-identity ; extra == 'azure'
  - azure-storage-blob ; extra == 'azure'
  - google-cloud-storage ; extra == 'gcp'
  - filelock ; extra == 'importers'
  - mlflow ; extra == 'importers'
  - polars<=1.2.1 ; extra == 'importers'
  - rich ; extra == 'importers'
  - tenacity ; extra == 'importers'
  - google-cloud-storage ; extra == 'kubeflow'
  - kubernetes ; extra == 'kubeflow'
  - minio ; extra == 'kubeflow'
  - sh ; extra == 'kubeflow'
  - awscli ; extra == 'launch'
  - azure-containerregistry ; extra == 'launch'
  - azure-identity ; extra == 'launch'
  - azure-storage-blob ; extra == 'launch'
  - boto3 ; extra == 'launch'
  - botocore>=1.5.76 ; extra == 'launch'
  - chardet ; extra == 'launch'
  - google-auth ; extra == 'launch'
  - google-cloud-aiplatform ; extra == 'launch'
  - google-cloud-artifact-registry ; extra == 'launch'
  - google-cloud-compute ; extra == 'launch'
  - google-cloud-storage ; extra == 'launch'
  - iso8601 ; extra == 'launch'
  - jsonschema ; extra == 'launch'
  - kubernetes ; extra == 'launch'
  - kubernetes-asyncio ; extra == 'launch'
  - nbconvert ; extra == 'launch'
  - nbformat ; extra == 'launch'
  - optuna ; extra == 'launch'
  - pydantic ; extra == 'launch'
  - pyyaml>=6.0.0 ; extra == 'launch'
  - tomli ; extra == 'launch'
  - typing-extensions ; extra == 'launch'
  - bokeh ; extra == 'media'
  - imageio ; extra == 'media'
  - moviepy>=1.0.0 ; extra == 'media'
  - numpy ; extra == 'media'
  - pillow ; extra == 'media'
  - plotly>=5.18.0 ; extra == 'media'
  - rdkit ; extra == 'media'
  - soundfile ; extra == 'media'
  - cloudpickle ; extra == 'models'
  - orjson ; extra == 'perf'
  - sweeps>=0.2.0 ; extra == 'sweeps'
  - wandb-workspaces ; extra == 'workspaces'
  requires_python: '>=3.8'
- conda: https://conda.anaconda.org/conda-forge/linux-64/xorg-libxau-1.0.12-hb9d3cd8_0.conda
  sha256: ed10c9283974d311855ae08a16dfd7e56241fac632aec3b92e3cfe73cff31038
  md5: f6ebe2cb3f82ba6c057dde5d9debe4f7
  depends:
  - __glibc >=2.17,<3.0.a0
  - libgcc >=13
  arch: x86_64
  platform: linux
  license: MIT
  license_family: MIT
  purls: []
  size: 14780
  timestamp: 1734229004433
- conda: https://conda.anaconda.org/conda-forge/linux-64/xorg-libxdmcp-1.1.5-hb9d3cd8_0.conda
  sha256: 6b250f3e59db07c2514057944a3ea2044d6a8cdde8a47b6497c254520fade1ee
  md5: 8035c64cb77ed555e3f150b7b3972480
  depends:
  - __glibc >=2.17,<3.0.a0
  - libgcc >=13
  arch: x86_64
  platform: linux
  license: MIT
  license_family: MIT
  purls: []
  size: 19901
  timestamp: 1727794976192
- conda: https://conda.anaconda.org/conda-forge/linux-64/xz-5.6.4-hbcc6ac9_0.conda
  sha256: 91fc251034fa5199919680aa50299296d89da54b2d066fb6e6a60461c17c0c4a
  md5: bb511c87804cf7220246a3a6efc45c22
  depends:
  - __glibc >=2.17,<3.0.a0
  - libgcc >=13
  - liblzma 5.6.4 hb9d3cd8_0
  - liblzma-devel 5.6.4 hb9d3cd8_0
  - xz-gpl-tools 5.6.4 hbcc6ac9_0
  - xz-tools 5.6.4 hb9d3cd8_0
  arch: x86_64
  platform: linux
  license: 0BSD AND LGPL-2.1-or-later AND GPL-2.0-or-later
  purls: []
  size: 23477
  timestamp: 1738525395307
- conda: https://conda.anaconda.org/conda-forge/linux-64/xz-gpl-tools-5.6.4-hbcc6ac9_0.conda
  sha256: 300fc4e5993a36c979e61b1a38d00f0c23c0c56d5989be537cbc7bd8658254ed
  md5: 246840b451f7a66bd68869e56b066dd5
  depends:
  - __glibc >=2.17,<3.0.a0
  - libgcc >=13
  - liblzma 5.6.4 hb9d3cd8_0
  arch: x86_64
  platform: linux
  license: 0BSD AND LGPL-2.1-or-later AND GPL-2.0-or-later
  purls: []
  size: 33285
  timestamp: 1738525381548
- conda: https://conda.anaconda.org/conda-forge/linux-64/xz-tools-5.6.4-hb9d3cd8_0.conda
  sha256: 57506a312d8cfbee98217fb382822bd49794ea6318dd4e0413a0d588dc6f4f69
  md5: a098f9f949af52610fdceb8e35b57513
  depends:
  - __glibc >=2.17,<3.0.a0
  - libgcc >=13
  - liblzma 5.6.4 hb9d3cd8_0
  arch: x86_64
  platform: linux
  license: 0BSD AND LGPL-2.1-or-later
  purls: []
  size: 89735
  timestamp: 1738525367692
- conda: https://conda.anaconda.org/conda-forge/linux-64/zstd-1.5.7-hb8e6e7a_1.conda
  sha256: 532d3623961e34c53aba98db2ad0a33b7a52ff90d6960e505fb2d2efc06bb7da
  md5: 02e4e2fa41a6528afba2e54cbc4280ff
  depends:
  - __glibc >=2.17,<3.0.a0
  - libgcc >=13
  - libstdcxx >=13
  - libzlib >=1.3.1,<2.0a0
  arch: x86_64
  platform: linux
  license: BSD-3-Clause
  license_family: BSD
  purls: []
  size: 567419
  timestamp: 1740255350233
